
Microsoft Visual Studio Solution File, Format Version 12.00
# Visual Studio Version 17
VisualStudioVersion = 17.10.35013.160
MinimumVisualStudioVersion = 10.0.40219.1
Project("{9A19103F-16F7-4668-BE54-9A1E7A4F7556}") = "FiszkiApp", "FiszkiApp\FiszkiApp.csproj", "{E937DA0A-D332-4EC6-B817-A23CDCD47842}"
EndProject
Project("{9A19103F-16F7-4668-BE54-9A1E7A4F7556}") = "APIFlashCard", "API flash card\API flash card\APIFlashCard.csproj", "{D88170E8-90FB-4AC0-8FF4-6CC3ACDE926E}"
EndProject
Global
	GlobalSection(SolutionConfigurationPlatforms) = preSolution
		Debug|Any CPU = Debug|Any CPU
		Release|Any CPU = Release|Any CPU
	EndGlobalSection
	GlobalSection(ProjectConfigurationPlatforms) = postSolution
		{E937DA0A-D332-4EC6-B817-A23CDCD47842}.Debug|Any CPU.ActiveCfg = Debug|Any CPU
		{E937DA0A-D332-4EC6-B817-A23CDCD47842}.Debug|Any CPU.Build.0 = Debug|Any CPU
		{E937DA0A-D332-4EC6-B817-A23CDCD47842}.Debug|Any CPU.Deploy.0 = Debug|Any CPU
		{E937DA0A-D332-4EC6-B817-A23CDCD47842}.Release|Any CPU.ActiveCfg = Release|Any CPU
		{E937DA0A-D332-4EC6-B817-A23CDCD47842}.Release|Any CPU.Build.0 = Release|Any CPU
		{E937DA0A-D332-4EC6-B817-A23CDCD47842}.Release|Any CPU.Deploy.0 = Release|Any CPU
		{D88170E8-90FB-4AC0-8FF4-6CC3ACDE926E}.Debug|Any CPU.ActiveCfg = Debug|Any CPU
		{D88170E8-90FB-4AC0-8FF4-6CC3ACDE926E}.Debug|Any CPU.Build.0 = Debug|Any CPU
		{D88170E8-90FB-4AC0-8FF4-6CC3ACDE926E}.Release|Any CPU.ActiveCfg = Release|Any CPU
		{D88170E8-90FB-4AC0-8FF4-6CC3ACDE926E}.Release|Any CPU.Build.0 = Release|Any CPU
	EndGlobalSection
	GlobalSection(SolutionProperties) = preSolution
		HideSolutionNode = FALSE
	EndGlobalSection
	GlobalSection(ExtensibilityGlobals) = postSolution
		SolutionGuid = {6ECE7321-EBBD-4E84-9C0B-531506B1926D}
	EndGlobalSection
EndGlobal
